
Microsoft Visual Studio Solution File, Format Version 11.00
# Visual Studio 2010
Project("{F184B08F-C81C-45F6-A57F-5ABD9991F28F}") = "PS01977", "PS01977\PS01977.vbproj", "{3D7D49D8-FAB9-4C69-BCF6-6B2040B4D80D}"
EndProject
Global
	GlobalSection(SolutionConfigurationPlatforms) = preSolution
		Debug|x86 = Debug|x86
		Release|x86 = Release|x86
	EndGlobalSection
	GlobalSection(ProjectConfigurationPlatforms) = postSolution
		{3D7D49D8-FAB9-4C69-BCF6-6B2040B4D80D}.Debug|x86.ActiveCfg = Debug|x86
		{3D7D49D8-FAB9-4C69-BCF6-6B2040B4D80D}.Debug|x86.Build.0 = Debug|x86
		{3D7D49D8-FAB9-4C69-BCF6-6B2040B4D80D}.Release|x86.ActiveCfg = Release|x86
		{3D7D49D8-FAB9-4C69-BCF6-6B2040B4D80D}.Release|x86.Build.0 = Release|x86
	EndGlobalSection
	GlobalSection(SolutionProperties) = preSolution
		HideSolutionNode = FALSE
	EndGlobalSection
EndGlobal
